
Microsoft Visual Studio Solution File, Format Version 12.00
# Visual Studio Version 17
VisualStudioVersion = 17.1.32421.90
MinimumVisualStudioVersion = 10.0.40219.1
Project("{FAE04EC0-301F-11D3-BF4B-00C04F79EFBC}") = "TopEntertainment.Juegos.Presentation", "TopEntertainment.Juegos.Presentation\TopEntertainment.Juegos.Presentation.csproj", "{1FABC8D9-751E-45A7-97F9-C6C8DDF5E8CF}"
EndProject
Project("{FAE04EC0-301F-11D3-BF4B-00C04F79EFBC}") = "TopEntertainment.Juegos.Domain", "TopEntertainment.Juegos.Domain\TopEntertainment.Juegos.Domain.csproj", "{2D0EB368-E6CA-4E4E-9E93-10B7CB0BD6D7}"
EndProject
Project("{FAE04EC0-301F-11D3-BF4B-00C04F79EFBC}") = "TopEntertainment.Juegos.Application", "TopEntertainment.Juegos.Application\TopEntertainment.Juegos.Application.csproj", "{AE8A6EB0-D861-4804-9DEC-8AC238C24C6B}"
EndProject
Project("{FAE04EC0-301F-11D3-BF4B-00C04F79EFBC}") = "TopEntertainment.Juegos.AccessData", "TopEntertainment.Juegos.AccessData\TopEntertainment.Juegos.AccessData.csproj", "{2F86DE12-2C2E-4558-AF93-E28FB0550C6D}"
EndProject
Global
	GlobalSection(SolutionConfigurationPlatforms) = preSolution
		Debug|Any CPU = Debug|Any CPU
		Release|Any CPU = Release|Any CPU
	EndGlobalSection
	GlobalSection(ProjectConfigurationPlatforms) = postSolution
		{1FABC8D9-751E-45A7-97F9-C6C8DDF5E8CF}.Debug|Any CPU.ActiveCfg = Debug|Any CPU
		{1FABC8D9-751E-45A7-97F9-C6C8DDF5E8CF}.Debug|Any CPU.Build.0 = Debug|Any CPU
		{1FABC8D9-751E-45A7-97F9-C6C8DDF5E8CF}.Release|Any CPU.ActiveCfg = Release|Any CPU
		{1FABC8D9-751E-45A7-97F9-C6C8DDF5E8CF}.Release|Any CPU.Build.0 = Release|Any CPU
		{2D0EB368-E6CA-4E4E-9E93-10B7CB0BD6D7}.Debug|Any CPU.ActiveCfg = Debug|Any CPU
		{2D0EB368-E6CA-4E4E-9E93-10B7CB0BD6D7}.Debug|Any CPU.Build.0 = Debug|Any CPU
		{2D0EB368-E6CA-4E4E-9E93-10B7CB0BD6D7}.Release|Any CPU.ActiveCfg = Release|Any CPU
		{2D0EB368-E6CA-4E4E-9E93-10B7CB0BD6D7}.Release|Any CPU.Build.0 = Release|Any CPU
		{AE8A6EB0-D861-4804-9DEC-8AC238C24C6B}.Debug|Any CPU.ActiveCfg = Debug|Any CPU
		{AE8A6EB0-D861-4804-9DEC-8AC238C24C6B}.Debug|Any CPU.Build.0 = Debug|Any CPU
		{AE8A6EB0-D861-4804-9DEC-8AC238C24C6B}.Release|Any CPU.ActiveCfg = Release|Any CPU
		{AE8A6EB0-D861-4804-9DEC-8AC238C24C6B}.Release|Any CPU.Build.0 = Release|Any CPU
		{2F86DE12-2C2E-4558-AF93-E28FB0550C6D}.Debug|Any CPU.ActiveCfg = Debug|Any CPU
		{2F86DE12-2C2E-4558-AF93-E28FB0550C6D}.Debug|Any CPU.Build.0 = Debug|Any CPU
		{2F86DE12-2C2E-4558-AF93-E28FB0550C6D}.Release|Any CPU.ActiveCfg = Release|Any CPU
		{2F86DE12-2C2E-4558-AF93-E28FB0550C6D}.Release|Any CPU.Build.0 = Release|Any CPU
	EndGlobalSection
	GlobalSection(SolutionProperties) = preSolution
		HideSolutionNode = FALSE
	EndGlobalSection
	GlobalSection(ExtensibilityGlobals) = postSolution
		SolutionGuid = {E041E0C6-A686-4096-A8C2-C97EB595F074}
	EndGlobalSection
EndGlobal
